
Microsoft Visual Studio Solution File, Format Version 12.00
# Visual Studio 15
VisualStudioVersion = 15.0.28010.2003
MinimumVisualStudioVersion = 10.0.40219.1
Project("{FAE04EC0-301F-11D3-BF4B-00C04F79EFBC}") = "Spreadsheet", "Spreadsheet\Spreadsheet.csproj", "{6960A32D-D637-4AE1-83C2-E78066FF343F}"
EndProject
Project("{FAE04EC0-301F-11D3-BF4B-00C04F79EFBC}") = "Resources", "Resources\Resources.csproj", "{4E5DFA43-56A9-41C1-9D13-B473C0A233A9}"
EndProject
Project("{FAE04EC0-301F-11D3-BF4B-00C04F79EFBC}") = "SpreadsheetTests", "SpreadsheetTests\SpreadsheetTests.csproj", "{F5BCC2CD-8349-404E-B69B-FF8BCDFCF121}"
EndProject
Global
	GlobalSection(SolutionConfigurationPlatforms) = preSolution
		Debug|Any CPU = Debug|Any CPU
		Release|Any CPU = Release|Any CPU
	EndGlobalSection
	GlobalSection(ProjectConfigurationPlatforms) = postSolution
		{6960A32D-D637-4AE1-83C2-E78066FF343F}.Debug|Any CPU.ActiveCfg = Debug|Any CPU
		{6960A32D-D637-4AE1-83C2-E78066FF343F}.Debug|Any CPU.Build.0 = Debug|Any CPU
		{6960A32D-D637-4AE1-83C2-E78066FF343F}.Release|Any CPU.ActiveCfg = Release|Any CPU
		{6960A32D-D637-4AE1-83C2-E78066FF343F}.Release|Any CPU.Build.0 = Release|Any CPU
		{4E5DFA43-56A9-41C1-9D13-B473C0A233A9}.Debug|Any CPU.ActiveCfg = Debug|Any CPU
		{4E5DFA43-56A9-41C1-9D13-B473C0A233A9}.Release|Any CPU.ActiveCfg = Release|Any CPU
		{4E5DFA43-56A9-41C1-9D13-B473C0A233A9}.Release|Any CPU.Build.0 = Release|Any CPU
		{F5BCC2CD-8349-404E-B69B-FF8BCDFCF121}.Debug|Any CPU.ActiveCfg = Debug|Any CPU
		{F5BCC2CD-8349-404E-B69B-FF8BCDFCF121}.Debug|Any CPU.Build.0 = Debug|Any CPU
		{F5BCC2CD-8349-404E-B69B-FF8BCDFCF121}.Release|Any CPU.ActiveCfg = Release|Any CPU
		{F5BCC2CD-8349-404E-B69B-FF8BCDFCF121}.Release|Any CPU.Build.0 = Release|Any CPU
	EndGlobalSection
	GlobalSection(SolutionProperties) = preSolution
		HideSolutionNode = FALSE
	EndGlobalSection
	GlobalSection(ExtensibilityGlobals) = postSolution
		SolutionGuid = {8F40FD1B-81AF-4980-84C0-4E41B9A9909B}
	EndGlobalSection
EndGlobal
