
Microsoft Visual Studio Solution File, Format Version 12.00
# Visual Studio 15
VisualStudioVersion = 15.0.28010.2003
MinimumVisualStudioVersion = 10.0.40219.1
Project("{FAE04EC0-301F-11D3-BF4B-00C04F79EFBC}") = "Lab2", "Lab2\Lab2.csproj", "{83D8627F-38AF-436D-8128-0C177D4D5172}"
EndProject
Global
	GlobalSection(SolutionConfigurationPlatforms) = preSolution
		Debug|Any CPU = Debug|Any CPU
		Release|Any CPU = Release|Any CPU
	EndGlobalSection
	GlobalSection(ProjectConfigurationPlatforms) = postSolution
		{83D8627F-38AF-436D-8128-0C177D4D5172}.Debug|Any CPU.ActiveCfg = Debug|Any CPU
		{83D8627F-38AF-436D-8128-0C177D4D5172}.Debug|Any CPU.Build.0 = Debug|Any CPU
		{83D8627F-38AF-436D-8128-0C177D4D5172}.Release|Any CPU.ActiveCfg = Release|Any CPU
		{83D8627F-38AF-436D-8128-0C177D4D5172}.Release|Any CPU.Build.0 = Release|Any CPU
	EndGlobalSection
	GlobalSection(SolutionProperties) = preSolution
		HideSolutionNode = FALSE
	EndGlobalSection
	GlobalSection(ExtensibilityGlobals) = postSolution
		SolutionGuid = {DD8E32E2-23B4-403E-94CA-FA82F1D97D13}
	EndGlobalSection
EndGlobal
